PODS:
  - awesome_notifications (0.8.1):
    - Flutter
    - IosAwnCore (~> 0.8.0)
  - Flutter (1.0.0)
  - IosAwnCore (0.8.0)

DEPENDENCIES:
  - awesome_notifications (from `.symlinks/plugins/awesome_notifications/ios`)
  - Flutter (from `Flutter`)

SPEC REPOS:
  trunk:
    - IosAwnCore

EXTERNAL SOURCES:
  awesome_notifications:
    :path: ".symlinks/plugins/awesome_notifications/ios"
  Flutter:
    :path: Flutter

SPEC CHECKSUMS:
  awesome_notifications: db394d2e061e4583ba0f738ddea611e3986cc3fb
  Flutter: f04841e97a9d0b0a8025694d0796dd46242b2854
  IosAwnCore: ed1b2b6d84962a758354dbacd9ce525c72ce28a9

PODFILE CHECKSUM: 6b9eb94e9f98a329f2ef624b852a6e42d090af2b

COCOAPODS: 1.13.0
